
Microsoft Visual Studio Solution File, Format Version 12.00
# Visual Studio 15
VisualStudioVersion = 15.0.27004.2010
MinimumVisualStudioVersion = 10.0.40219.1
Project("{9092AA53-FB77-4645-B42D-1CCCA6BD08BD}") = "AquilaServer", "AquilaServer.njsproj", "{FDEB5A06-6026-4419-A9F6-AA632652EEE6}"
EndProject
Global
	GlobalSection(SolutionConfigurationPlatforms) = preSolution
		Debug|Any CPU = Debug|Any CPU
		Release|Any CPU = Release|Any CPU
	EndGlobalSection
	GlobalSection(ProjectConfigurationPlatforms) = postSolution
		{FDEB5A06-6026-4419-A9F6-AA632652EEE6}.Debug|Any CPU.ActiveCfg = Debug|Any CPU
		{FDEB5A06-6026-4419-A9F6-AA632652EEE6}.Debug|Any CPU.Build.0 = Debug|Any CPU
		{FDEB5A06-6026-4419-A9F6-AA632652EEE6}.Release|Any CPU.ActiveCfg = Release|Any CPU
		{FDEB5A06-6026-4419-A9F6-AA632652EEE6}.Release|Any CPU.Build.0 = Release|Any CPU
	EndGlobalSection
	GlobalSection(SolutionProperties) = preSolution
		HideSolutionNode = FALSE
	EndGlobalSection
	GlobalSection(ExtensibilityGlobals) = postSolution
		SolutionGuid = {E18CBA49-B2B2-4A14-86D4-3F32CE9E85F9}
	EndGlobalSection
EndGlobal
